
Microsoft Visual Studio Solution File, Format Version 12.00
# Visual Studio Version 16
VisualStudioVersion = 16.0.31205.134
MinimumVisualStudioVersion = 10.0.40219.1
Project("{FAE04EC0-301F-11D3-BF4B-00C04F79EFBC}") = "TEP_Revisao_3", "TEP_Revisao_3\TEP_Revisao_3.csproj", "{C583C9A7-20B1-40E7-901C-650334184F1C}"
EndProject
Global
	GlobalSection(SolutionConfigurationPlatforms) = preSolution
		Debug|Any CPU = Debug|Any CPU
		Release|Any CPU = Release|Any CPU
	EndGlobalSection
	GlobalSection(ProjectConfigurationPlatforms) = postSolution
		{C583C9A7-20B1-40E7-901C-650334184F1C}.Debug|Any CPU.ActiveCfg = Debug|Any CPU
		{C583C9A7-20B1-40E7-901C-650334184F1C}.Debug|Any CPU.Build.0 = Debug|Any CPU
		{C583C9A7-20B1-40E7-901C-650334184F1C}.Release|Any CPU.ActiveCfg = Release|Any CPU
		{C583C9A7-20B1-40E7-901C-650334184F1C}.Release|Any CPU.Build.0 = Release|Any CPU
	EndGlobalSection
	GlobalSection(SolutionProperties) = preSolution
		HideSolutionNode = FALSE
	EndGlobalSection
	GlobalSection(ExtensibilityGlobals) = postSolution
		SolutionGuid = {3A208062-E462-45BB-9FBD-55E1D43188C7}
	EndGlobalSection
EndGlobal
